
Microsoft Visual Studio Solution File, Format Version 12.00
# Visual Studio Version 17
VisualStudioVersion = 17.9.34622.214
MinimumVisualStudioVersion = 10.0.40219.1
Project("{8BC9CEB8-8B4A-11D0-8D11-00A0C91BC942}") = "Project2-1", "Project2-1\Project2-1.vcxproj", "{7B3AEAC5-B8BB-4761-BF48-C306DA6FCF6F}"
EndProject
Project("{8BC9CEB8-8B4A-11D0-8D11-00A0C91BC942}") = "Project2-4", "Project2-4\Project2-4.vcxproj", "{5F106761-865F-4A3C-B193-A449D13128EA}"
EndProject
Project("{8BC9CEB8-8B4A-11D0-8D11-00A0C91BC942}") = "Project2-5", "Project2-5\Project2-5.vcxproj", "{22307347-0F2E-49EF-B60C-02E0529F8D95}"
EndProject
Project("{8BC9CEB8-8B4A-11D0-8D11-00A0C91BC942}") = "Project1-1", "Project1-1\Project1.vcxproj", "{CD28798D-576E-4968-8B26-19E68EFDEC7F}"
EndProject
Project("{8BC9CEB8-8B4A-11D0-8D11-00A0C91BC942}") = "Project1-2", "Project1-2\WindowProgramming.vcxproj", "{4ED8E654-C60C-4E82-93BE-023290202A07}"
EndProject
Project("{8BC9CEB8-8B4A-11D0-8D11-00A0C91BC942}") = "Project2-2", "Project2-2\2-2.vcxproj", "{C9DC93FD-7145-4ADD-BD8A-7B28A37C6064}"
EndProject
Project("{8BC9CEB8-8B4A-11D0-8D11-00A0C91BC942}") = "Project2-3", "Project2-3\2-3.vcxproj", "{1526967A-B352-464D-838F-A5399459942E}"
EndProject
Project("{8BC9CEB8-8B4A-11D0-8D11-00A0C91BC942}") = "Project2-6", "Project2-6\Project2-6.vcxproj", "{AC758715-43E8-4CF3-A3A1-069A4F590B8A}"
EndProject
Project("{8BC9CEB8-8B4A-11D0-8D11-00A0C91BC942}") = "Project2-7", "Project2-7\Project2-7.vcxproj", "{8D709408-6711-4E87-B9D0-CDCDC71DA50B}"
EndProject
Project("{8BC9CEB8-8B4A-11D0-8D11-00A0C91BC942}") = "Project2-8", "Project2-8\Project2-8.vcxproj", "{80B9A803-8BEA-4D24-B4C8-A881FCBED6C3}"
EndProject
Project("{8BC9CEB8-8B4A-11D0-8D11-00A0C91BC942}") = "Project2-9", "Project2-9\Project2-9.vcxproj", "{7BF03344-7309-4AE8-8906-845FFF4C07C3}"
EndProject
Project("{8BC9CEB8-8B4A-11D0-8D11-00A0C91BC942}") = "Project2-10", "Project2-10\Project2-10.vcxproj", "{43CB336E-F7A0-4EDF-B030-AB6CD4510B89}"
EndProject
Project("{8BC9CEB8-8B4A-11D0-8D11-00A0C91BC942}") = "Project2-12", "Project2-12\Project2-12.vcxproj", "{FE7EA244-0577-4464-B426-A906F7EDBB5C}"
EndProject
Project("{8BC9CEB8-8B4A-11D0-8D11-00A0C91BC942}") = "Project2-11", "Project2-11\Project2-11.vcxproj", "{C2E7C8AE-64B9-46B0-9216-A12BFD9A38BF}"
EndProject
Project("{8BC9CEB8-8B4A-11D0-8D11-00A0C91BC942}") = "Project2-13", "Project2-13\Project2-13.vcxproj", "{E40F31B1-5A4A-4A30-B2B7-71AE47186605}"
EndProject
Project("{8BC9CEB8-8B4A-11D0-8D11-00A0C91BC942}") = "Project2-14", "Project2-14\Project2-14.vcxproj", "{BD0211D9-9B06-403B-A4E9-0DC7E9096026}"
EndProject
Project("{8BC9CEB8-8B4A-11D0-8D11-00A0C91BC942}") = "Project3-1", "Project3-1\Project3-1.vcxproj", "{AD8CA39D-2F06-4DEC-B279-19F503FF5213}"
EndProject
Project("{8BC9CEB8-8B4A-11D0-8D11-00A0C91BC942}") = "Project3-2", "Project3-2\Project3-2.vcxproj", "{72FE6DEA-5982-4C9E-9285-E5B5C65A6BC1}"
EndProject
Project("{8BC9CEB8-8B4A-11D0-8D11-00A0C91BC942}") = "Project4-1", "Project4-1\Project4-1.vcxproj", "{78744CD5-7609-4D13-91EE-591B066FD19B}"
EndProject
Project("{8BC9CEB8-8B4A-11D0-8D11-00A0C91BC942}") = "Project4-2", "Project4-2\Project4-2.vcxproj", "{B6953B8A-B3AF-45EA-92C7-D9F52C03252A}"
EndProject
Project("{8BC9CEB8-8B4A-11D0-8D11-00A0C91BC942}") = "Project4-3", "Project4-3\Project4-3.vcxproj", "{6BF097B1-F48C-42CB-B82C-047D6A9264C0}"
EndProject
Project("{8BC9CEB8-8B4A-11D0-8D11-00A0C91BC942}") = "Proto", "Proto\Proto.vcxproj", "{27493297-E691-4AEE-8130-8546B57F8F1B}"
EndProject
Project("{8BC9CEB8-8B4A-11D0-8D11-00A0C91BC942}") = "Project5-1", "Project5-1\Project5-1.vcxproj", "{43651ECD-5302-499E-9570-5DFEB4D28C4B}"
EndProject
Project("{8BC9CEB8-8B4A-11D0-8D11-00A0C91BC942}") = "Project5-2", "Project5-2\Project5-2.vcxproj", "{1DFE84D8-5683-45E1-81E2-B76BA8BA9923}"
EndProject
Project("{8BC9CEB8-8B4A-11D0-8D11-00A0C91BC942}") = "Project5-3", "Project5-3\Project5-3.vcxproj", "{A39415BD-AD72-4B42-87E7-BA60618AEE74}"
EndProject
Project("{8BC9CEB8-8B4A-11D0-8D11-00A0C91BC942}") = "Project5-4", "Project5-4\Project5-4.vcxproj", "{625D4B30-B574-4256-AA7D-FF837A85FF09}"
EndProject
Project("{8BC9CEB8-8B4A-11D0-8D11-00A0C91BC942}") = "Project5-5", "Project5-5\Project5-5.vcxproj", "{B8DFFF2D-D07A-4672-8CED-B535762C8F59}"
EndProject
Project("{8BC9CEB8-8B4A-11D0-8D11-00A0C91BC942}") = "Project5-6", "Project5-6\Project5-6.vcxproj", "{E45F171C-2AC1-4222-81A5-8C3A5A70AEF3}"
EndProject
Project("{8BC9CEB8-8B4A-11D0-8D11-00A0C91BC942}") = "Project6-1", "Project6-1\Project6-1.vcxproj", "{AEF35B7C-459B-4AF4-98C2-091B99C7C771}"
EndProject
Project("{8BC9CEB8-8B4A-11D0-8D11-00A0C91BC942}") = "Project8-1", "Project8-1\Project8-1.vcxproj", "{6FA6F2B2-D36A-45FF-B0AC-2EE38BE90EBA}"
EndProject
Global
	GlobalSection(SolutionConfigurationPlatforms) = preSolution
		Debug|x64 = Debug|x64
		Debug|x86 = Debug|x86
		Release|x64 = Release|x64
		Release|x86 = Release|x86
	EndGlobalSection
	GlobalSection(ProjectConfigurationPlatforms) = postSolution
		{7B3AEAC5-B8BB-4761-BF48-C306DA6FCF6F}.Debug|x64.ActiveCfg = Debug|x64
		{7B3AEAC5-B8BB-4761-BF48-C306DA6FCF6F}.Debug|x64.Build.0 = Debug|x64
		{7B3AEAC5-B8BB-4761-BF48-C306DA6FCF6F}.Debug|x86.ActiveCfg = Debug|Win32
		{7B3AEAC5-B8BB-4761-BF48-C306DA6FCF6F}.Debug|x86.Build.0 = Debug|Win32
		{7B3AEAC5-B8BB-4761-BF48-C306DA6FCF6F}.Release|x64.ActiveCfg = Release|x64
		{7B3AEAC5-B8BB-4761-BF48-C306DA6FCF6F}.Release|x64.Build.0 = Release|x64
		{7B3AEAC5-B8BB-4761-BF48-C306DA6FCF6F}.Release|x86.ActiveCfg = Release|Win32
		{7B3AEAC5-B8BB-4761-BF48-C306DA6FCF6F}.Release|x86.Build.0 = Release|Win32
		{5F106761-865F-4A3C-B193-A449D13128EA}.Debug|x64.ActiveCfg = Debug|x64
		{5F106761-865F-4A3C-B193-A449D13128EA}.Debug|x64.Build.0 = Debug|x64
		{5F106761-865F-4A3C-B193-A449D13128EA}.Debug|x86.ActiveCfg = Debug|Win32
		{5F106761-865F-4A3C-B193-A449D13128EA}.Debug|x86.Build.0 = Debug|Win32
		{5F106761-865F-4A3C-B193-A449D13128EA}.Release|x64.ActiveCfg = Release|x64
		{5F106761-865F-4A3C-B193-A449D13128EA}.Release|x64.Build.0 = Release|x64
		{5F106761-865F-4A3C-B193-A449D13128EA}.Release|x86.ActiveCfg = Release|Win32
		{5F106761-865F-4A3C-B193-A449D13128EA}.Release|x86.Build.0 = Release|Win32
		{22307347-0F2E-49EF-B60C-02E0529F8D95}.Debug|x64.ActiveCfg = Debug|x64
		{22307347-0F2E-49EF-B60C-02E0529F8D95}.Debug|x64.Build.0 = Debug|x64
		{22307347-0F2E-49EF-B60C-02E0529F8D95}.Debug|x86.ActiveCfg = Debug|Win32
		{22307347-0F2E-49EF-B60C-02E0529F8D95}.Debug|x86.Build.0 = Debug|Win32
		{22307347-0F2E-49EF-B60C-02E0529F8D95}.Release|x64.ActiveCfg = Release|x64
		{22307347-0F2E-49EF-B60C-02E0529F8D95}.Release|x64.Build.0 = Release|x64
		{22307347-0F2E-49EF-B60C-02E0529F8D95}.Release|x86.ActiveCfg = Release|Win32
		{22307347-0F2E-49EF-B60C-02E0529F8D95}.Release|x86.Build.0 = Release|Win32
		{CD28798D-576E-4968-8B26-19E68EFDEC7F}.Debug|x64.ActiveCfg = Debug|x64
		{CD28798D-576E-4968-8B26-19E68EFDEC7F}.Debug|x64.Build.0 = Debug|x64
		{CD28798D-576E-4968-8B26-19E68EFDEC7F}.Debug|x86.ActiveCfg = Debug|Win32
		{CD28798D-576E-4968-8B26-19E68EFDEC7F}.Debug|x86.Build.0 = Debug|Win32
		{CD28798D-576E-4968-8B26-19E68EFDEC7F}.Release|x64.ActiveCfg = Release|x64
		{CD28798D-576E-4968-8B26-19E68EFDEC7F}.Release|x64.Build.0 = Release|x64
		{CD28798D-576E-4968-8B26-19E68EFDEC7F}.Release|x86.ActiveCfg = Release|Win32
		{CD28798D-576E-4968-8B26-19E68EFDEC7F}.Release|x86.Build.0 = Release|Win32
		{4ED8E654-C60C-4E82-93BE-023290202A07}.Debug|x64.ActiveCfg = Debug|x64
		{4ED8E654-C60C-4E82-93BE-023290202A07}.Debug|x64.Build.0 = Debug|x64
		{4ED8E654-C60C-4E82-93BE-023290202A07}.Debug|x86.ActiveCfg = Debug|Win32
		{4ED8E654-C60C-4E82-93BE-023290202A07}.Debug|x86.Build.0 = Debug|Win32
		{4ED8E654-C60C-4E82-93BE-023290202A07}.Release|x64.ActiveCfg = Release|x64
		{4ED8E654-C60C-4E82-93BE-023290202A07}.Release|x64.Build.0 = Release|x64
		{4ED8E654-C60C-4E82-93BE-023290202A07}.Release|x86.ActiveCfg = Release|Win32
		{4ED8E654-C60C-4E82-93BE-023290202A07}.Release|x86.Build.0 = Release|Win32
		{C9DC93FD-7145-4ADD-BD8A-7B28A37C6064}.Debug|x64.ActiveCfg = Debug|x64
		{C9DC93FD-7145-4ADD-BD8A-7B28A37C6064}.Debug|x64.Build.0 = Debug|x64
		{C9DC93FD-7145-4ADD-BD8A-7B28A37C6064}.Debug|x86.ActiveCfg = Debug|Win32
		{C9DC93FD-7145-4ADD-BD8A-7B28A37C6064}.Debug|x86.Build.0 = Debug|Win32
		{C9DC93FD-7145-4ADD-BD8A-7B28A37C6064}.Release|x64.ActiveCfg = Release|x64
		{C9DC93FD-7145-4ADD-BD8A-7B28A37C6064}.Release|x64.Build.0 = Release|x64
		{C9DC93FD-7145-4ADD-BD8A-7B28A37C6064}.Release|x86.ActiveCfg = Release|Win32
		{C9DC93FD-7145-4ADD-BD8A-7B28A37C6064}.Release|x86.Build.0 = Release|Win32
		{1526967A-B352-464D-838F-A5399459942E}.Debug|x64.ActiveCfg = Debug|x64
		{1526967A-B352-464D-838F-A5399459942E}.Debug|x64.Build.0 = Debug|x64
		{1526967A-B352-464D-838F-A5399459942E}.Debug|x86.ActiveCfg = Debug|Win32
		{1526967A-B352-464D-838F-A5399459942E}.Debug|x86.Build.0 = Debug|Win32
		{1526967A-B352-464D-838F-A5399459942E}.Release|x64.ActiveCfg = Release|x64
		{1526967A-B352-464D-838F-A5399459942E}.Release|x64.Build.0 = Release|x64
		{1526967A-B352-464D-838F-A5399459942E}.Release|x86.ActiveCfg = Release|Win32
		{1526967A-B352-464D-838F-A5399459942E}.Release|x86.Build.0 = Release|Win32
		{AC758715-43E8-4CF3-A3A1-069A4F590B8A}.Debug|x64.ActiveCfg = Debug|x64
		{AC758715-43E8-4CF3-A3A1-069A4F590B8A}.Debug|x64.Build.0 = Debug|x64
		{AC758715-43E8-4CF3-A3A1-069A4F590B8A}.Debug|x86.ActiveCfg = Debug|Win32
		{AC758715-43E8-4CF3-A3A1-069A4F590B8A}.Debug|x86.Build.0 = Debug|Win32
		{AC758715-43E8-4CF3-A3A1-069A4F590B8A}.Release|x64.ActiveCfg = Release|x64
		{AC758715-43E8-4CF3-A3A1-069A4F590B8A}.Release|x64.Build.0 = Release|x64
		{AC758715-43E8-4CF3-A3A1-069A4F590B8A}.Release|x86.ActiveCfg = Release|Win32
		{AC758715-43E8-4CF3-A3A1-069A4F590B8A}.Release|x86.Build.0 = Release|Win32
		{8D709408-6711-4E87-B9D0-CDCDC71DA50B}.Debug|x64.ActiveCfg = Debug|x64
		{8D709408-6711-4E87-B9D0-CDCDC71DA50B}.Debug|x64.Build.0 = Debug|x64
		{8D709408-6711-4E87-B9D0-CDCDC71DA50B}.Debug|x86.ActiveCfg = Debug|Win32
		{8D709408-6711-4E87-B9D0-CDCDC71DA50B}.Debug|x86.Build.0 = Debug|Win32
		{8D709408-6711-4E87-B9D0-CDCDC71DA50B}.Release|x64.ActiveCfg = Release|x64
		{8D709408-6711-4E87-B9D0-CDCDC71DA50B}.Release|x64.Build.0 = Release|x64
		{8D709408-6711-4E87-B9D0-CDCDC71DA50B}.Release|x86.ActiveCfg = Release|Win32
		{8D709408-6711-4E87-B9D0-CDCDC71DA50B}.Release|x86.Build.0 = Release|Win32
		{80B9A803-8BEA-4D24-B4C8-A881FCBED6C3}.Debug|x64.ActiveCfg = Debug|x64
		{80B9A803-8BEA-4D24-B4C8-A881FCBED6C3}.Debug|x64.Build.0 = Debug|x64
		{80B9A803-8BEA-4D24-B4C8-A881FCBED6C3}.Debug|x86.ActiveCfg = Debug|Win32
		{80B9A803-8BEA-4D24-B4C8-A881FCBED6C3}.Debug|x86.Build.0 = Debug|Win32
		{80B9A803-8BEA-4D24-B4C8-A881FCBED6C3}.Release|x64.ActiveCfg = Release|x64
		{80B9A803-8BEA-4D24-B4C8-A881FCBED6C3}.Release|x64.Build.0 = Release|x64
		{80B9A803-8BEA-4D24-B4C8-A881FCBED6C3}.Release|x86.ActiveCfg = Release|Win32
		{80B9A803-8BEA-4D24-B4C8-A881FCBED6C3}.Release|x86.Build.0 = Release|Win32
		{7BF03344-7309-4AE8-8906-845FFF4C07C3}.Debug|x64.ActiveCfg = Debug|x64
		{7BF03344-7309-4AE8-8906-845FFF4C07C3}.Debug|x64.Build.0 = Debug|x64
		{7BF03344-7309-4AE8-8906-845FFF4C07C3}.Debug|x86.ActiveCfg = Debug|Win32
		{7BF03344-7309-4AE8-8906-845FFF4C07C3}.Debug|x86.Build.0 = Debug|Win32
		{7BF03344-7309-4AE8-8906-845FFF4C07C3}.Release|x64.ActiveCfg = Release|x64
		{7BF03344-7309-4AE8-8906-845FFF4C07C3}.Release|x64.Build.0 = Release|x64
		{7BF03344-7309-4AE8-8906-845FFF4C07C3}.Release|x86.ActiveCfg = Release|Win32
		{7BF03344-7309-4AE8-8906-845FFF4C07C3}.Release|x86.Build.0 = Release|Win32
		{43CB336E-F7A0-4EDF-B030-AB6CD4510B89}.Debug|x64.ActiveCfg = Debug|x64
		{43CB336E-F7A0-4EDF-B030-AB6CD4510B89}.Debug|x64.Build.0 = Debug|x64
		{43CB336E-F7A0-4EDF-B030-AB6CD4510B89}.Debug|x86.ActiveCfg = Debug|Win32
		{43CB336E-F7A0-4EDF-B030-AB6CD4510B89}.Debug|x86.Build.0 = Debug|Win32
		{43CB336E-F7A0-4EDF-B030-AB6CD4510B89}.Release|x64.ActiveCfg = Release|x64
		{43CB336E-F7A0-4EDF-B030-AB6CD4510B89}.Release|x64.Build.0 = Release|x64
		{43CB336E-F7A0-4EDF-B030-AB6CD4510B89}.Release|x86.ActiveCfg = Release|Win32
		{43CB336E-F7A0-4EDF-B030-AB6CD4510B89}.Release|x86.Build.0 = Release|Win32
		{FE7EA244-0577-4464-B426-A906F7EDBB5C}.Debug|x64.ActiveCfg = Debug|x64
		{FE7EA244-0577-4464-B426-A906F7EDBB5C}.Debug|x64.Build.0 = Debug|x64
		{FE7EA244-0577-4464-B426-A906F7EDBB5C}.Debug|x86.ActiveCfg = Debug|Win32
		{FE7EA244-0577-4464-B426-A906F7EDBB5C}.Debug|x86.Build.0 = Debug|Win32
		{FE7EA244-0577-4464-B426-A906F7EDBB5C}.Release|x64.ActiveCfg = Release|x64
		{FE7EA244-0577-4464-B426-A906F7EDBB5C}.Release|x64.Build.0 = Release|x64
		{FE7EA244-0577-4464-B426-A906F7EDBB5C}.Release|x86.ActiveCfg = Release|Win32
		{FE7EA244-0577-4464-B426-A906F7EDBB5C}.Release|x86.Build.0 = Release|Win32
		{C2E7C8AE-64B9-46B0-9216-A12BFD9A38BF}.Debug|x64.ActiveCfg = Debug|x64
		{C2E7C8AE-64B9-46B0-9216-A12BFD9A38BF}.Debug|x64.Build.0 = Debug|x64
		{C2E7C8AE-64B9-46B0-9216-A12BFD9A38BF}.Debug|x86.ActiveCfg = Debug|Win32
		{C2E7C8AE-64B9-46B0-9216-A12BFD9A38BF}.Debug|x86.Build.0 = Debug|Win32
		{C2E7C8AE-64B9-46B0-9216-A12BFD9A38BF}.Release|x64.ActiveCfg = Release|x64
		{C2E7C8AE-64B9-46B0-9216-A12BFD9A38BF}.Release|x64.Build.0 = Release|x64
		{C2E7C8AE-64B9-46B0-9216-A12BFD9A38BF}.Release|x86.ActiveCfg = Release|Win32
		{C2E7C8AE-64B9-46B0-9216-A12BFD9A38BF}.Release|x86.Build.0 = Release|Win32
		{E40F31B1-5A4A-4A30-B2B7-71AE47186605}.Debug|x64.ActiveCfg = Debug|x64
		{E40F31B1-5A4A-4A30-B2B7-71AE47186605}.Debug|x64.Build.0 = Debug|x64
		{E40F31B1-5A4A-4A30-B2B7-71AE47186605}.Debug|x86.ActiveCfg = Debug|Win32
		{E40F31B1-5A4A-4A30-B2B7-71AE47186605}.Debug|x86.Build.0 = Debug|Win32
		{E40F31B1-5A4A-4A30-B2B7-71AE47186605}.Release|x64.ActiveCfg = Release|x64
		{E40F31B1-5A4A-4A30-B2B7-71AE47186605}.Release|x64.Build.0 = Release|x64
		{E40F31B1-5A4A-4A30-B2B7-71AE47186605}.Release|x86.ActiveCfg = Release|Win32
		{E40F31B1-5A4A-4A30-B2B7-71AE47186605}.Release|x86.Build.0 = Release|Win32
		{BD0211D9-9B06-403B-A4E9-0DC7E9096026}.Debug|x64.ActiveCfg = Debug|x64
		{BD0211D9-9B06-403B-A4E9-0DC7E9096026}.Debug|x64.Build.0 = Debug|x64
		{BD0211D9-9B06-403B-A4E9-0DC7E9096026}.Debug|x86.ActiveCfg = Debug|Win32
		{BD0211D9-9B06-403B-A4E9-0DC7E9096026}.Debug|x86.Build.0 = Debug|Win32
		{BD0211D9-9B06-403B-A4E9-0DC7E9096026}.Release|x64.ActiveCfg = Release|x64
		{BD0211D9-9B06-403B-A4E9-0DC7E9096026}.Release|x64.Build.0 = Release|x64
		{BD0211D9-9B06-403B-A4E9-0DC7E9096026}.Release|x86.ActiveCfg = Release|Win32
		{BD0211D9-9B06-403B-A4E9-0DC7E9096026}.Release|x86.Build.0 = Release|Win32
		{AD8CA39D-2F06-4DEC-B279-19F503FF5213}.Debug|x64.ActiveCfg = Debug|x64
		{AD8CA39D-2F06-4DEC-B279-19F503FF5213}.Debug|x64.Build.0 = Debug|x64
		{AD8CA39D-2F06-4DEC-B279-19F503FF5213}.Debug|x86.ActiveCfg = Debug|Win32
		{AD8CA39D-2F06-4DEC-B279-19F503FF5213}.Debug|x86.Build.0 = Debug|Win32
		{AD8CA39D-2F06-4DEC-B279-19F503FF5213}.Release|x64.ActiveCfg = Release|x64
		{AD8CA39D-2F06-4DEC-B279-19F503FF5213}.Release|x64.Build.0 = Release|x64
		{AD8CA39D-2F06-4DEC-B279-19F503FF5213}.Release|x86.ActiveCfg = Release|Win32
		{AD8CA39D-2F06-4DEC-B279-19F503FF5213}.Release|x86.Build.0 = Release|Win32
		{72FE6DEA-5982-4C9E-9285-E5B5C65A6BC1}.Debug|x64.ActiveCfg = Debug|x64
		{72FE6DEA-5982-4C9E-9285-E5B5C65A6BC1}.Debug|x64.Build.0 = Debug|x64
		{72FE6DEA-5982-4C9E-9285-E5B5C65A6BC1}.Debug|x86.ActiveCfg = Debug|Win32
		{72FE6DEA-5982-4C9E-9285-E5B5C65A6BC1}.Debug|x86.Build.0 = Debug|Win32
		{72FE6DEA-5982-4C9E-9285-E5B5C65A6BC1}.Release|x64.ActiveCfg = Release|x64
		{72FE6DEA-5982-4C9E-9285-E5B5C65A6BC1}.Release|x64.Build.0 = Release|x64
		{72FE6DEA-5982-4C9E-9285-E5B5C65A6BC1}.Release|x86.ActiveCfg = Release|Win32
		{72FE6DEA-5982-4C9E-9285-E5B5C65A6BC1}.Release|x86.Build.0 = Release|Win32
		{78744CD5-7609-4D13-91EE-591B066FD19B}.Debug|x64.ActiveCfg = Debug|x64
		{78744CD5-7609-4D13-91EE-591B066FD19B}.Debug|x64.Build.0 = Debug|x64
		{78744CD5-7609-4D13-91EE-591B066FD19B}.Debug|x86.ActiveCfg = Debug|Win32
		{78744CD5-7609-4D13-91EE-591B066FD19B}.Debug|x86.Build.0 = Debug|Win32
		{78744CD5-7609-4D13-91EE-591B066FD19B}.Release|x64.ActiveCfg = Release|x64
		{78744CD5-7609-4D13-91EE-591B066FD19B}.Release|x64.Build.0 = Release|x64
		{78744CD5-7609-4D13-91EE-591B066FD19B}.Release|x86.ActiveCfg = Release|Win32
		{78744CD5-7609-4D13-91EE-591B066FD19B}.Release|x86.Build.0 = Release|Win32
		{B6953B8A-B3AF-45EA-92C7-D9F52C03252A}.Debug|x64.ActiveCfg = Debug|x64
		{B6953B8A-B3AF-45EA-92C7-D9F52C03252A}.Debug|x64.Build.0 = Debug|x64
		{B6953B8A-B3AF-45EA-92C7-D9F52C03252A}.Debug|x86.ActiveCfg = Debug|Win32
		{B6953B8A-B3AF-45EA-92C7-D9F52C03252A}.Debug|x86.Build.0 = Debug|Win32
		{B6953B8A-B3AF-45EA-92C7-D9F52C03252A}.Release|x64.ActiveCfg = Release|x64
		{B6953B8A-B3AF-45EA-92C7-D9F52C03252A}.Release|x64.Build.0 = Release|x64
		{B6953B8A-B3AF-45EA-92C7-D9F52C03252A}.Release|x86.ActiveCfg = Release|Win32
		{B6953B8A-B3AF-45EA-92C7-D9F52C03252A}.Release|x86.Build.0 = Release|Win32
		{6BF097B1-F48C-42CB-B82C-047D6A9264C0}.Debug|x64.ActiveCfg = Debug|x64
		{6BF097B1-F48C-42CB-B82C-047D6A9264C0}.Debug|x64.Build.0 = Debug|x64
		{6BF097B1-F48C-42CB-B82C-047D6A9264C0}.Debug|x86.ActiveCfg = Debug|Win32
		{6BF097B1-F48C-42CB-B82C-047D6A9264C0}.Debug|x86.Build.0 = Debug|Win32
		{6BF097B1-F48C-42CB-B82C-047D6A9264C0}.Release|x64.ActiveCfg = Release|x64
		{6BF097B1-F48C-42CB-B82C-047D6A9264C0}.Release|x64.Build.0 = Release|x64
		{6BF097B1-F48C-42CB-B82C-047D6A9264C0}.Release|x86.ActiveCfg = Release|Win32
		{6BF097B1-F48C-42CB-B82C-047D6A9264C0}.Release|x86.Build.0 = Release|Win32
		{27493297-E691-4AEE-8130-8546B57F8F1B}.Debug|x64.ActiveCfg = Debug|x64
		{27493297-E691-4AEE-8130-8546B57F8F1B}.Debug|x64.Build.0 = Debug|x64
		{27493297-E691-4AEE-8130-8546B57F8F1B}.Debug|x86.ActiveCfg = Debug|Win32
		{27493297-E691-4AEE-8130-8546B57F8F1B}.Debug|x86.Build.0 = Debug|Win32
		{27493297-E691-4AEE-8130-8546B57F8F1B}.Release|x64.ActiveCfg = Release|x64
		{27493297-E691-4AEE-8130-8546B57F8F1B}.Release|x64.Build.0 = Release|x64
		{27493297-E691-4AEE-8130-8546B57F8F1B}.Release|x86.ActiveCfg = Release|Win32
		{27493297-E691-4AEE-8130-8546B57F8F1B}.Release|x86.Build.0 = Release|Win32
		{43651ECD-5302-499E-9570-5DFEB4D28C4B}.Debug|x64.ActiveCfg = Debug|x64
		{43651ECD-5302-499E-9570-5DFEB4D28C4B}.Debug|x64.Build.0 = Debug|x64
		{43651ECD-5302-499E-9570-5DFEB4D28C4B}.Debug|x86.ActiveCfg = Debug|Win32
		{43651ECD-5302-499E-9570-5DFEB4D28C4B}.Debug|x86.Build.0 = Debug|Win32
		{43651ECD-5302-499E-9570-5DFEB4D28C4B}.Release|x64.ActiveCfg = Release|x64
		{43651ECD-5302-499E-9570-5DFEB4D28C4B}.Release|x64.Build.0 = Release|x64
		{43651ECD-5302-499E-9570-5DFEB4D28C4B}.Release|x86.ActiveCfg = Release|Win32
		{43651ECD-5302-499E-9570-5DFEB4D28C4B}.Release|x86.Build.0 = Release|Win32
		{1DFE84D8-5683-45E1-81E2-B76BA8BA9923}.Debug|x64.ActiveCfg = Debug|x64
		{1DFE84D8-5683-45E1-81E2-B76BA8BA9923}.Debug|x64.Build.0 = Debug|x64
		{1DFE84D8-5683-45E1-81E2-B76BA8BA9923}.Debug|x86.ActiveCfg = Debug|Win32
		{1DFE84D8-5683-45E1-81E2-B76BA8BA9923}.Debug|x86.Build.0 = Debug|Win32
		{1DFE84D8-5683-45E1-81E2-B76BA8BA9923}.Release|x64.ActiveCfg = Release|x64
		{1DFE84D8-5683-45E1-81E2-B76BA8BA9923}.Release|x64.Build.0 = Release|x64
		{1DFE84D8-5683-45E1-81E2-B76BA8BA9923}.Release|x86.ActiveCfg = Release|Win32
		{1DFE84D8-5683-45E1-81E2-B76BA8BA9923}.Release|x86.Build.0 = Release|Win32
		{A39415BD-AD72-4B42-87E7-BA60618AEE74}.Debug|x64.ActiveCfg = Debug|x64
		{A39415BD-AD72-4B42-87E7-BA60618AEE74}.Debug|x64.Build.0 = Debug|x64
		{A39415BD-AD72-4B42-87E7-BA60618AEE74}.Debug|x86.ActiveCfg = Debug|Win32
		{A39415BD-AD72-4B42-87E7-BA60618AEE74}.Debug|x86.Build.0 = Debug|Win32
		{A39415BD-AD72-4B42-87E7-BA60618AEE74}.Release|x64.ActiveCfg = Release|x64
		{A39415BD-AD72-4B42-87E7-BA60618AEE74}.Release|x64.Build.0 = Release|x64
		{A39415BD-AD72-4B42-87E7-BA60618AEE74}.Release|x86.ActiveCfg = Release|Win32
		{A39415BD-AD72-4B42-87E7-BA60618AEE74}.Release|x86.Build.0 = Release|Win32
		{625D4B30-B574-4256-AA7D-FF837A85FF09}.Debug|x64.ActiveCfg = Debug|x64
		{625D4B30-B574-4256-AA7D-FF837A85FF09}.Debug|x64.Build.0 = Debug|x64
		{625D4B30-B574-4256-AA7D-FF837A85FF09}.Debug|x86.ActiveCfg = Debug|Win32
		{625D4B30-B574-4256-AA7D-FF837A85FF09}.Debug|x86.Build.0 = Debug|Win32
		{625D4B30-B574-4256-AA7D-FF837A85FF09}.Release|x64.ActiveCfg = Release|x64
		{625D4B30-B574-4256-AA7D-FF837A85FF09}.Release|x64.Build.0 = Release|x64
		{625D4B30-B574-4256-AA7D-FF837A85FF09}.Release|x86.ActiveCfg = Release|Win32
		{625D4B30-B574-4256-AA7D-FF837A85FF09}.Release|x86.Build.0 = Release|Win32
		{B8DFFF2D-D07A-4672-8CED-B535762C8F59}.Debug|x64.ActiveCfg = Debug|x64
		{B8DFFF2D-D07A-4672-8CED-B535762C8F59}.Debug|x64.Build.0 = Debug|x64
		{B8DFFF2D-D07A-4672-8CED-B535762C8F59}.Debug|x86.ActiveCfg = Debug|Win32
		{B8DFFF2D-D07A-4672-8CED-B535762C8F59}.Debug|x86.Build.0 = Debug|Win32
		{B8DFFF2D-D07A-4672-8CED-B535762C8F59}.Release|x64.ActiveCfg = Release|x64
		{B8DFFF2D-D07A-4672-8CED-B535762C8F59}.Release|x64.Build.0 = Release|x64
		{B8DFFF2D-D07A-4672-8CED-B535762C8F59}.Release|x86.ActiveCfg = Release|Win32
		{B8DFFF2D-D07A-4672-8CED-B535762C8F59}.Release|x86.Build.0 = Release|Win32
		{E45F171C-2AC1-4222-81A5-8C3A5A70AEF3}.Debug|x64.ActiveCfg = Debug|x64
		{E45F171C-2AC1-4222-81A5-8C3A5A70AEF3}.Debug|x64.Build.0 = Debug|x64
		{E45F171C-2AC1-4222-81A5-8C3A5A70AEF3}.Debug|x86.ActiveCfg = Debug|Win32
		{E45F171C-2AC1-4222-81A5-8C3A5A70AEF3}.Debug|x86.Build.0 = Debug|Win32
		{E45F171C-2AC1-4222-81A5-8C3A5A70AEF3}.Release|x64.ActiveCfg = Release|x64
		{E45F171C-2AC1-4222-81A5-8C3A5A70AEF3}.Release|x64.Build.0 = Release|x64
		{E45F171C-2AC1-4222-81A5-8C3A5A70AEF3}.Release|x86.ActiveCfg = Release|Win32
		{E45F171C-2AC1-4222-81A5-8C3A5A70AEF3}.Release|x86.Build.0 = Release|Win32
		{AEF35B7C-459B-4AF4-98C2-091B99C7C771}.Debug|x64.ActiveCfg = Debug|x64
		{AEF35B7C-459B-4AF4-98C2-091B99C7C771}.Debug|x64.Build.0 = Debug|x64
		{AEF35B7C-459B-4AF4-98C2-091B99C7C771}.Debug|x86.ActiveCfg = Debug|Win32
		{AEF35B7C-459B-4AF4-98C2-091B99C7C771}.Debug|x86.Build.0 = Debug|Win32
		{AEF35B7C-459B-4AF4-98C2-091B99C7C771}.Release|x64.ActiveCfg = Release|x64
		{AEF35B7C-459B-4AF4-98C2-091B99C7C771}.Release|x64.Build.0 = Release|x64
		{AEF35B7C-459B-4AF4-98C2-091B99C7C771}.Release|x86.ActiveCfg = Release|Win32
		{AEF35B7C-459B-4AF4-98C2-091B99C7C771}.Release|x86.Build.0 = Release|Win32
		{6FA6F2B2-D36A-45FF-B0AC-2EE38BE90EBA}.Debug|x64.ActiveCfg = Debug|x64
		{6FA6F2B2-D36A-45FF-B0AC-2EE38BE90EBA}.Debug|x64.Build.0 = Debug|x64
		{6FA6F2B2-D36A-45FF-B0AC-2EE38BE90EBA}.Debug|x86.ActiveCfg = Debug|Win32
		{6FA6F2B2-D36A-45FF-B0AC-2EE38BE90EBA}.Debug|x86.Build.0 = Debug|Win32
		{6FA6F2B2-D36A-45FF-B0AC-2EE38BE90EBA}.Release|x64.ActiveCfg = Release|x64
		{6FA6F2B2-D36A-45FF-B0AC-2EE38BE90EBA}.Release|x64.Build.0 = Release|x64
		{6FA6F2B2-D36A-45FF-B0AC-2EE38BE90EBA}.Release|x86.ActiveCfg = Release|Win32
		{6FA6F2B2-D36A-45FF-B0AC-2EE38BE90EBA}.Release|x86.Build.0 = Release|Win32
	EndGlobalSection
	GlobalSection(SolutionProperties) = preSolution
		HideSolutionNode = FALSE
	EndGlobalSection
	GlobalSection(ExtensibilityGlobals) = postSolution
		SolutionGuid = {B382055E-2167-4683-909F-C6723A40FB0F}
	EndGlobalSection
EndGlobal
